
Microsoft Visual Studio Solution File, Format Version 12.00
# Visual Studio 15
VisualStudioVersion = 15.0.26228.9
MinimumVisualStudioVersion = 10.0.40219.1
Project("{2150E333-8FDC-42A3-9474-1A3956D46DE8}") = "Solution Items", "Solution Items", "{3CD983C6-7E6B-4923-A24C-0BD007F34BCC}"
	ProjectSection(SolutionItems) = preProject
		Local.testsettings = Local.testsettings
		PugFX.vsmdi = PugFX.vsmdi
		TraceAndTestImpact.testsettings = TraceAndTestImpact.testsettings
	EndProjectSection
EndProject
Project("{2150E333-8FDC-42A3-9474-1A3956D46DE8}") = "Tests", "Tests", "{3F96EF91-50BF-4BF7-B14C-9C3073B55D81}"
EndProject
Project("{2150E333-8FDC-42A3-9474-1A3956D46DE8}") = "NetFX", "NetFX", "{4AFD75B2-6BA8-4758-815B-530768AC826E}"
EndProject
Project("{9A19103F-16F7-4668-BE54-9A1E7A4F7556}") = "Pug.Application.Security", "src\Pug.Application.Security\Pug.Application.Security.csproj", "{4FBA48B5-134C-4AB8-8393-6C61358011C4}"
EndProject
Project("{FAE04EC0-301F-11D3-BF4B-00C04F79EFBC}") = "Pug.Application.Security.Web", "src\NetFX\Pug.Application.Security.Web\Pug.Application.Security.Web.csproj", "{31F1E8F1-6CE8-4B40-A3D0-2D52190C9C30}"
EndProject
Project("{9A19103F-16F7-4668-BE54-9A1E7A4F7556}") = "Pug.Security", "src\Pug.Security\Pug.Security.csproj", "{6F747831-AC01-46CA-80D0-4834EBB16E75}"
EndProject
Project("{9A19103F-16F7-4668-BE54-9A1E7A4F7556}") = "Pug.Application.Data.Common", "src\Pug.Application.Data.Common\Pug.Application.Data.Common.csproj", "{341E2282-5B7D-47C8-9F48-F2F28BAFFF5D}"
EndProject
Project("{9A19103F-16F7-4668-BE54-9A1E7A4F7556}") = "Pug.Application.Data", "src\Pug.Application.Data\Pug.Application.Data.csproj", "{405E5AD9-DF32-424D-9437-E17EECC09592}"
EndProject
Project("{9A19103F-16F7-4668-BE54-9A1E7A4F7556}") = "Pug.Application", "src\Pug.Application\Pug.Application.csproj", "{AD6FB099-81F3-423B-BF4E-A16112A5DC3A}"
EndProject
Project("{9A19103F-16F7-4668-BE54-9A1E7A4F7556}") = "Pug.Application.Data.Postgres", "src\Pug.Application.Data.Postgres\Pug.Application.Data.Postgres.csproj", "{46933926-D203-43A8-A28C-E46F832344F5}"
EndProject
Project("{9A19103F-16F7-4668-BE54-9A1E7A4F7556}") = "Pug.Application.Data.SqlServer", "src\Pug.Application.Data.SqlServer\Pug.Application.Data.SqlServer.csproj", "{F90DF93B-191A-476C-B576-75AB93F771CF}"
EndProject
Project("{9A19103F-16F7-4668-BE54-9A1E7A4F7556}") = "Pug.Core", "src\Pug.Core\Pug.Core.csproj", "{6F790938-D789-4C98-9693-DE980DAAEB7B}"
EndProject
Project("{9A19103F-16F7-4668-BE54-9A1E7A4F7556}") = "Pug.Application.ServiceModel", "src\Pug.Application.ServiceModel\Pug.Application.ServiceModel.csproj", "{5D9806F0-D678-4E70-B29F-45DE2CEC86E6}"
EndProject
Project("{9A19103F-16F7-4668-BE54-9A1E7A4F7556}") = "Pug.Web.AspNet.Core", "src\Pug.Web.AspNet.Core\Pug.Web.AspNet.Core.csproj", "{132AF8F5-AA00-4AD3-99C8-7BD1DE78D268}"
EndProject
Project("{9A19103F-16F7-4668-BE54-9A1E7A4F7556}") = "Pug.Application.Data.Csv", "src\Pug.Application.Data.Csv\Pug.Application.Data.Csv.csproj", "{B038BB75-0909-4329-B39E-69D88F1BDE8D}"
EndProject
Project("{FAE04EC0-301F-11D3-BF4B-00C04F79EFBC}") = "Pug.Web.Api.Client", "src\Pug.Web.Api.Client\Pug.Web.Api.Client.csproj", "{B666CD6B-675F-49F8-9AD4-0DD4A6454C4A}"
EndProject
Global
	GlobalSection(SolutionConfigurationPlatforms) = preSolution
		Debug|Any CPU = Debug|Any CPU
		Debug|x64 = Debug|x64
		Debug|x86 = Debug|x86
		Release|Any CPU = Release|Any CPU
		Release|x64 = Release|x64
		Release|x86 = Release|x86
	EndGlobalSection
	GlobalSection(ProjectConfigurationPlatforms) = postSolution
		{4FBA48B5-134C-4AB8-8393-6C61358011C4}.Debug|Any CPU.ActiveCfg = Debug|Any CPU
		{4FBA48B5-134C-4AB8-8393-6C61358011C4}.Debug|Any CPU.Build.0 = Debug|Any CPU
		{4FBA48B5-134C-4AB8-8393-6C61358011C4}.Debug|x64.ActiveCfg = Debug|Any CPU
		{4FBA48B5-134C-4AB8-8393-6C61358011C4}.Debug|x64.Build.0 = Debug|Any CPU
		{4FBA48B5-134C-4AB8-8393-6C61358011C4}.Debug|x86.ActiveCfg = Debug|Any CPU
		{4FBA48B5-134C-4AB8-8393-6C61358011C4}.Debug|x86.Build.0 = Debug|Any CPU
		{4FBA48B5-134C-4AB8-8393-6C61358011C4}.Release|Any CPU.ActiveCfg = Release|Any CPU
		{4FBA48B5-134C-4AB8-8393-6C61358011C4}.Release|Any CPU.Build.0 = Release|Any CPU
		{4FBA48B5-134C-4AB8-8393-6C61358011C4}.Release|x64.ActiveCfg = Release|Any CPU
		{4FBA48B5-134C-4AB8-8393-6C61358011C4}.Release|x64.Build.0 = Release|Any CPU
		{4FBA48B5-134C-4AB8-8393-6C61358011C4}.Release|x86.ActiveCfg = Release|Any CPU
		{4FBA48B5-134C-4AB8-8393-6C61358011C4}.Release|x86.Build.0 = Release|Any CPU
		{31F1E8F1-6CE8-4B40-A3D0-2D52190C9C30}.Debug|Any CPU.ActiveCfg = Debug|Any CPU
		{31F1E8F1-6CE8-4B40-A3D0-2D52190C9C30}.Debug|Any CPU.Build.0 = Debug|Any CPU
		{31F1E8F1-6CE8-4B40-A3D0-2D52190C9C30}.Debug|x64.ActiveCfg = Debug|Any CPU
		{31F1E8F1-6CE8-4B40-A3D0-2D52190C9C30}.Debug|x64.Build.0 = Debug|Any CPU
		{31F1E8F1-6CE8-4B40-A3D0-2D52190C9C30}.Debug|x86.ActiveCfg = Debug|Any CPU
		{31F1E8F1-6CE8-4B40-A3D0-2D52190C9C30}.Debug|x86.Build.0 = Debug|Any CPU
		{31F1E8F1-6CE8-4B40-A3D0-2D52190C9C30}.Release|Any CPU.ActiveCfg = Release|Any CPU
		{31F1E8F1-6CE8-4B40-A3D0-2D52190C9C30}.Release|Any CPU.Build.0 = Release|Any CPU
		{31F1E8F1-6CE8-4B40-A3D0-2D52190C9C30}.Release|x64.ActiveCfg = Release|Any CPU
		{31F1E8F1-6CE8-4B40-A3D0-2D52190C9C30}.Release|x64.Build.0 = Release|Any CPU
		{31F1E8F1-6CE8-4B40-A3D0-2D52190C9C30}.Release|x86.ActiveCfg = Release|Any CPU
		{31F1E8F1-6CE8-4B40-A3D0-2D52190C9C30}.Release|x86.Build.0 = Release|Any CPU
		{6F747831-AC01-46CA-80D0-4834EBB16E75}.Debug|Any CPU.ActiveCfg = Debug|Any CPU
		{6F747831-AC01-46CA-80D0-4834EBB16E75}.Debug|Any CPU.Build.0 = Debug|Any CPU
		{6F747831-AC01-46CA-80D0-4834EBB16E75}.Debug|x64.ActiveCfg = Debug|Any CPU
		{6F747831-AC01-46CA-80D0-4834EBB16E75}.Debug|x64.Build.0 = Debug|Any CPU
		{6F747831-AC01-46CA-80D0-4834EBB16E75}.Debug|x86.ActiveCfg = Debug|Any CPU
		{6F747831-AC01-46CA-80D0-4834EBB16E75}.Debug|x86.Build.0 = Debug|Any CPU
		{6F747831-AC01-46CA-80D0-4834EBB16E75}.Release|Any CPU.ActiveCfg = Release|Any CPU
		{6F747831-AC01-46CA-80D0-4834EBB16E75}.Release|Any CPU.Build.0 = Release|Any CPU
		{6F747831-AC01-46CA-80D0-4834EBB16E75}.Release|x64.ActiveCfg = Release|Any CPU
		{6F747831-AC01-46CA-80D0-4834EBB16E75}.Release|x64.Build.0 = Release|Any CPU
		{6F747831-AC01-46CA-80D0-4834EBB16E75}.Release|x86.ActiveCfg = Release|Any CPU
		{6F747831-AC01-46CA-80D0-4834EBB16E75}.Release|x86.Build.0 = Release|Any CPU
		{341E2282-5B7D-47C8-9F48-F2F28BAFFF5D}.Debug|Any CPU.ActiveCfg = Debug|Any CPU
		{341E2282-5B7D-47C8-9F48-F2F28BAFFF5D}.Debug|Any CPU.Build.0 = Debug|Any CPU
		{341E2282-5B7D-47C8-9F48-F2F28BAFFF5D}.Debug|x64.ActiveCfg = Debug|Any CPU
		{341E2282-5B7D-47C8-9F48-F2F28BAFFF5D}.Debug|x64.Build.0 = Debug|Any CPU
		{341E2282-5B7D-47C8-9F48-F2F28BAFFF5D}.Debug|x86.ActiveCfg = Debug|Any CPU
		{341E2282-5B7D-47C8-9F48-F2F28BAFFF5D}.Debug|x86.Build.0 = Debug|Any CPU
		{341E2282-5B7D-47C8-9F48-F2F28BAFFF5D}.Release|Any CPU.ActiveCfg = Release|Any CPU
		{341E2282-5B7D-47C8-9F48-F2F28BAFFF5D}.Release|Any CPU.Build.0 = Release|Any CPU
		{341E2282-5B7D-47C8-9F48-F2F28BAFFF5D}.Release|x64.ActiveCfg = Release|Any CPU
		{341E2282-5B7D-47C8-9F48-F2F28BAFFF5D}.Release|x64.Build.0 = Release|Any CPU
		{341E2282-5B7D-47C8-9F48-F2F28BAFFF5D}.Release|x86.ActiveCfg = Release|Any CPU
		{341E2282-5B7D-47C8-9F48-F2F28BAFFF5D}.Release|x86.Build.0 = Release|Any CPU
		{405E5AD9-DF32-424D-9437-E17EECC09592}.Debug|Any CPU.ActiveCfg = Debug|Any CPU
		{405E5AD9-DF32-424D-9437-E17EECC09592}.Debug|Any CPU.Build.0 = Debug|Any CPU
		{405E5AD9-DF32-424D-9437-E17EECC09592}.Debug|x64.ActiveCfg = Debug|Any CPU
		{405E5AD9-DF32-424D-9437-E17EECC09592}.Debug|x64.Build.0 = Debug|Any CPU
		{405E5AD9-DF32-424D-9437-E17EECC09592}.Debug|x86.ActiveCfg = Debug|Any CPU
		{405E5AD9-DF32-424D-9437-E17EECC09592}.Debug|x86.Build.0 = Debug|Any CPU
		{405E5AD9-DF32-424D-9437-E17EECC09592}.Release|Any CPU.ActiveCfg = Release|Any CPU
		{405E5AD9-DF32-424D-9437-E17EECC09592}.Release|Any CPU.Build.0 = Release|Any CPU
		{405E5AD9-DF32-424D-9437-E17EECC09592}.Release|x64.ActiveCfg = Release|Any CPU
		{405E5AD9-DF32-424D-9437-E17EECC09592}.Release|x64.Build.0 = Release|Any CPU
		{405E5AD9-DF32-424D-9437-E17EECC09592}.Release|x86.ActiveCfg = Release|Any CPU
		{405E5AD9-DF32-424D-9437-E17EECC09592}.Release|x86.Build.0 = Release|Any CPU
		{AD6FB099-81F3-423B-BF4E-A16112A5DC3A}.Debug|Any CPU.ActiveCfg = Debug|Any CPU
		{AD6FB099-81F3-423B-BF4E-A16112A5DC3A}.Debug|Any CPU.Build.0 = Debug|Any CPU
		{AD6FB099-81F3-423B-BF4E-A16112A5DC3A}.Debug|x64.ActiveCfg = Debug|Any CPU
		{AD6FB099-81F3-423B-BF4E-A16112A5DC3A}.Debug|x64.Build.0 = Debug|Any CPU
		{AD6FB099-81F3-423B-BF4E-A16112A5DC3A}.Debug|x86.ActiveCfg = Debug|Any CPU
		{AD6FB099-81F3-423B-BF4E-A16112A5DC3A}.Debug|x86.Build.0 = Debug|Any CPU
		{AD6FB099-81F3-423B-BF4E-A16112A5DC3A}.Release|Any CPU.ActiveCfg = Release|Any CPU
		{AD6FB099-81F3-423B-BF4E-A16112A5DC3A}.Release|Any CPU.Build.0 = Release|Any CPU
		{AD6FB099-81F3-423B-BF4E-A16112A5DC3A}.Release|x64.ActiveCfg = Release|Any CPU
		{AD6FB099-81F3-423B-BF4E-A16112A5DC3A}.Release|x64.Build.0 = Release|Any CPU
		{AD6FB099-81F3-423B-BF4E-A16112A5DC3A}.Release|x86.ActiveCfg = Release|Any CPU
		{AD6FB099-81F3-423B-BF4E-A16112A5DC3A}.Release|x86.Build.0 = Release|Any CPU
		{46933926-D203-43A8-A28C-E46F832344F5}.Debug|Any CPU.ActiveCfg = Debug|Any CPU
		{46933926-D203-43A8-A28C-E46F832344F5}.Debug|Any CPU.Build.0 = Debug|Any CPU
		{46933926-D203-43A8-A28C-E46F832344F5}.Debug|x64.ActiveCfg = Debug|Any CPU
		{46933926-D203-43A8-A28C-E46F832344F5}.Debug|x64.Build.0 = Debug|Any CPU
		{46933926-D203-43A8-A28C-E46F832344F5}.Debug|x86.ActiveCfg = Debug|Any CPU
		{46933926-D203-43A8-A28C-E46F832344F5}.Debug|x86.Build.0 = Debug|Any CPU
		{46933926-D203-43A8-A28C-E46F832344F5}.Release|Any CPU.ActiveCfg = Release|Any CPU
		{46933926-D203-43A8-A28C-E46F832344F5}.Release|Any CPU.Build.0 = Release|Any CPU
		{46933926-D203-43A8-A28C-E46F832344F5}.Release|x64.ActiveCfg = Release|Any CPU
		{46933926-D203-43A8-A28C-E46F832344F5}.Release|x64.Build.0 = Release|Any CPU
		{46933926-D203-43A8-A28C-E46F832344F5}.Release|x86.ActiveCfg = Release|Any CPU
		{46933926-D203-43A8-A28C-E46F832344F5}.Release|x86.Build.0 = Release|Any CPU
		{F90DF93B-191A-476C-B576-75AB93F771CF}.Debug|Any CPU.ActiveCfg = Debug|Any CPU
		{F90DF93B-191A-476C-B576-75AB93F771CF}.Debug|Any CPU.Build.0 = Debug|Any CPU
		{F90DF93B-191A-476C-B576-75AB93F771CF}.Debug|x64.ActiveCfg = Debug|Any CPU
		{F90DF93B-191A-476C-B576-75AB93F771CF}.Debug|x64.Build.0 = Debug|Any CPU
		{F90DF93B-191A-476C-B576-75AB93F771CF}.Debug|x86.ActiveCfg = Debug|Any CPU
		{F90DF93B-191A-476C-B576-75AB93F771CF}.Debug|x86.Build.0 = Debug|Any CPU
		{F90DF93B-191A-476C-B576-75AB93F771CF}.Release|Any CPU.ActiveCfg = Release|Any CPU
		{F90DF93B-191A-476C-B576-75AB93F771CF}.Release|Any CPU.Build.0 = Release|Any CPU
		{F90DF93B-191A-476C-B576-75AB93F771CF}.Release|x64.ActiveCfg = Release|Any CPU
		{F90DF93B-191A-476C-B576-75AB93F771CF}.Release|x64.Build.0 = Release|Any CPU
		{F90DF93B-191A-476C-B576-75AB93F771CF}.Release|x86.ActiveCfg = Release|Any CPU
		{F90DF93B-191A-476C-B576-75AB93F771CF}.Release|x86.Build.0 = Release|Any CPU
		{6F790938-D789-4C98-9693-DE980DAAEB7B}.Debug|Any CPU.ActiveCfg = Debug|Any CPU
		{6F790938-D789-4C98-9693-DE980DAAEB7B}.Debug|Any CPU.Build.0 = Debug|Any CPU
		{6F790938-D789-4C98-9693-DE980DAAEB7B}.Debug|x64.ActiveCfg = Debug|Any CPU
		{6F790938-D789-4C98-9693-DE980DAAEB7B}.Debug|x64.Build.0 = Debug|Any CPU
		{6F790938-D789-4C98-9693-DE980DAAEB7B}.Debug|x86.ActiveCfg = Debug|Any CPU
		{6F790938-D789-4C98-9693-DE980DAAEB7B}.Debug|x86.Build.0 = Debug|Any CPU
		{6F790938-D789-4C98-9693-DE980DAAEB7B}.Release|Any CPU.ActiveCfg = Release|Any CPU
		{6F790938-D789-4C98-9693-DE980DAAEB7B}.Release|Any CPU.Build.0 = Release|Any CPU
		{6F790938-D789-4C98-9693-DE980DAAEB7B}.Release|x64.ActiveCfg = Release|Any CPU
		{6F790938-D789-4C98-9693-DE980DAAEB7B}.Release|x64.Build.0 = Release|Any CPU
		{6F790938-D789-4C98-9693-DE980DAAEB7B}.Release|x86.ActiveCfg = Release|Any CPU
		{6F790938-D789-4C98-9693-DE980DAAEB7B}.Release|x86.Build.0 = Release|Any CPU
		{5D9806F0-D678-4E70-B29F-45DE2CEC86E6}.Debug|Any CPU.ActiveCfg = Debug|Any CPU
		{5D9806F0-D678-4E70-B29F-45DE2CEC86E6}.Debug|Any CPU.Build.0 = Debug|Any CPU
		{5D9806F0-D678-4E70-B29F-45DE2CEC86E6}.Debug|x64.ActiveCfg = Debug|Any CPU
		{5D9806F0-D678-4E70-B29F-45DE2CEC86E6}.Debug|x64.Build.0 = Debug|Any CPU
		{5D9806F0-D678-4E70-B29F-45DE2CEC86E6}.Debug|x86.ActiveCfg = Debug|Any CPU
		{5D9806F0-D678-4E70-B29F-45DE2CEC86E6}.Debug|x86.Build.0 = Debug|Any CPU
		{5D9806F0-D678-4E70-B29F-45DE2CEC86E6}.Release|Any CPU.ActiveCfg = Release|Any CPU
		{5D9806F0-D678-4E70-B29F-45DE2CEC86E6}.Release|Any CPU.Build.0 = Release|Any CPU
		{5D9806F0-D678-4E70-B29F-45DE2CEC86E6}.Release|x64.ActiveCfg = Release|Any CPU
		{5D9806F0-D678-4E70-B29F-45DE2CEC86E6}.Release|x64.Build.0 = Release|Any CPU
		{5D9806F0-D678-4E70-B29F-45DE2CEC86E6}.Release|x86.ActiveCfg = Release|Any CPU
		{5D9806F0-D678-4E70-B29F-45DE2CEC86E6}.Release|x86.Build.0 = Release|Any CPU
		{132AF8F5-AA00-4AD3-99C8-7BD1DE78D268}.Debug|Any CPU.ActiveCfg = Debug|Any CPU
		{132AF8F5-AA00-4AD3-99C8-7BD1DE78D268}.Debug|Any CPU.Build.0 = Debug|Any CPU
		{132AF8F5-AA00-4AD3-99C8-7BD1DE78D268}.Debug|x64.ActiveCfg = Debug|Any CPU
		{132AF8F5-AA00-4AD3-99C8-7BD1DE78D268}.Debug|x64.Build.0 = Debug|Any CPU
		{132AF8F5-AA00-4AD3-99C8-7BD1DE78D268}.Debug|x86.ActiveCfg = Debug|Any CPU
		{132AF8F5-AA00-4AD3-99C8-7BD1DE78D268}.Debug|x86.Build.0 = Debug|Any CPU
		{132AF8F5-AA00-4AD3-99C8-7BD1DE78D268}.Release|Any CPU.ActiveCfg = Release|Any CPU
		{132AF8F5-AA00-4AD3-99C8-7BD1DE78D268}.Release|Any CPU.Build.0 = Release|Any CPU
		{132AF8F5-AA00-4AD3-99C8-7BD1DE78D268}.Release|x64.ActiveCfg = Release|Any CPU
		{132AF8F5-AA00-4AD3-99C8-7BD1DE78D268}.Release|x64.Build.0 = Release|Any CPU
		{132AF8F5-AA00-4AD3-99C8-7BD1DE78D268}.Release|x86.ActiveCfg = Release|Any CPU
		{132AF8F5-AA00-4AD3-99C8-7BD1DE78D268}.Release|x86.Build.0 = Release|Any CPU
		{B038BB75-0909-4329-B39E-69D88F1BDE8D}.Debug|Any CPU.ActiveCfg = Debug|Any CPU
		{B038BB75-0909-4329-B39E-69D88F1BDE8D}.Debug|Any CPU.Build.0 = Debug|Any CPU
		{B038BB75-0909-4329-B39E-69D88F1BDE8D}.Debug|x64.ActiveCfg = Debug|Any CPU
		{B038BB75-0909-4329-B39E-69D88F1BDE8D}.Debug|x64.Build.0 = Debug|Any CPU
		{B038BB75-0909-4329-B39E-69D88F1BDE8D}.Debug|x86.ActiveCfg = Debug|Any CPU
		{B038BB75-0909-4329-B39E-69D88F1BDE8D}.Debug|x86.Build.0 = Debug|Any CPU
		{B038BB75-0909-4329-B39E-69D88F1BDE8D}.Release|Any CPU.ActiveCfg = Release|Any CPU
		{B038BB75-0909-4329-B39E-69D88F1BDE8D}.Release|Any CPU.Build.0 = Release|Any CPU
		{B038BB75-0909-4329-B39E-69D88F1BDE8D}.Release|x64.ActiveCfg = Release|Any CPU
		{B038BB75-0909-4329-B39E-69D88F1BDE8D}.Release|x64.Build.0 = Release|Any CPU
		{B038BB75-0909-4329-B39E-69D88F1BDE8D}.Release|x86.ActiveCfg = Release|Any CPU
		{B038BB75-0909-4329-B39E-69D88F1BDE8D}.Release|x86.Build.0 = Release|Any CPU
		{B666CD6B-675F-49F8-9AD4-0DD4A6454C4A}.Debug|Any CPU.ActiveCfg = Debug|Any CPU
		{B666CD6B-675F-49F8-9AD4-0DD4A6454C4A}.Debug|Any CPU.Build.0 = Debug|Any CPU
		{B666CD6B-675F-49F8-9AD4-0DD4A6454C4A}.Debug|x64.ActiveCfg = Debug|Any CPU
		{B666CD6B-675F-49F8-9AD4-0DD4A6454C4A}.Debug|x64.Build.0 = Debug|Any CPU
		{B666CD6B-675F-49F8-9AD4-0DD4A6454C4A}.Debug|x86.ActiveCfg = Debug|Any CPU
		{B666CD6B-675F-49F8-9AD4-0DD4A6454C4A}.Debug|x86.Build.0 = Debug|Any CPU
		{B666CD6B-675F-49F8-9AD4-0DD4A6454C4A}.Release|Any CPU.ActiveCfg = Release|Any CPU
		{B666CD6B-675F-49F8-9AD4-0DD4A6454C4A}.Release|Any CPU.Build.0 = Release|Any CPU
		{B666CD6B-675F-49F8-9AD4-0DD4A6454C4A}.Release|x64.ActiveCfg = Release|Any CPU
		{B666CD6B-675F-49F8-9AD4-0DD4A6454C4A}.Release|x64.Build.0 = Release|Any CPU
		{B666CD6B-675F-49F8-9AD4-0DD4A6454C4A}.Release|x86.ActiveCfg = Release|Any CPU
		{B666CD6B-675F-49F8-9AD4-0DD4A6454C4A}.Release|x86.Build.0 = Release|Any CPU
	EndGlobalSection
	GlobalSection(SolutionProperties) = preSolution
		HideSolutionNode = FALSE
	EndGlobalSection
	GlobalSection(NestedProjects) = preSolution
		{31F1E8F1-6CE8-4B40-A3D0-2D52190C9C30} = {4AFD75B2-6BA8-4758-815B-530768AC826E}
	EndGlobalSection
	GlobalSection(ExtensibilityGlobals) = postSolution
		SolutionGuid = {96BAA238-536F-4DC8-846F-0C22B1954E65}
	EndGlobalSection
	GlobalSection(TestCaseManagementSettings) = postSolution
		CategoryFile = PugFX.vsmdi
	EndGlobalSection
EndGlobal
