
Microsoft Visual Studio Solution File, Format Version 11.00
# Visual Studio 2010
Project("{FAE04EC0-301F-11D3-BF4B-00C04F79EFBC}") = "Pug.Application.Data.Csv", "Pug.Application.Data.Csv\Pug.Application.Data.Csv.csproj", "{B038BB75-0909-4329-B39E-69D88F1BDE8D}"
EndProject
Project("{FAE04EC0-301F-11D3-BF4B-00C04F79EFBC}") = "Pug.Core", "Pug.Core\Pug.Core.csproj", "{2B98F237-D76A-40FF-8248-D224E226D81E}"
EndProject
Project("{FAE04EC0-301F-11D3-BF4B-00C04F79EFBC}") = "Base32Test", "Base32Test\Base32Test.csproj", "{7B76D89B-BB93-41B4-AF8C-C5292A764B15}"
EndProject
Project("{2150E333-8FDC-42A3-9474-1A3956D46DE8}") = "Solution Items", "Solution Items", "{3CD983C6-7E6B-4923-A24C-0BD007F34BCC}"
	ProjectSection(SolutionItems) = preProject
		Local.testsettings = Local.testsettings
		PugFX.vsmdi = PugFX.vsmdi
		TraceAndTestImpact.testsettings = TraceAndTestImpact.testsettings
	EndProjectSection
EndProject
Project("{2150E333-8FDC-42A3-9474-1A3956D46DE8}") = "Tests", "Tests", "{3F96EF91-50BF-4BF7-B14C-9C3073B55D81}"
EndProject
Project("{FAE04EC0-301F-11D3-BF4B-00C04F79EFBC}") = "Pug.Application", "Pug.Application\Pug.Application.csproj", "{F284A4BF-B545-4DAA-A837-8DE456870BEC}"
EndProject
Project("{FAE04EC0-301F-11D3-BF4B-00C04F79EFBC}") = "Pug.Application.Security", "Pug.Application.Security\Pug.Application.Security.csproj", "{832DF7CD-9630-4CDA-BD7A-D9712AAC9767}"
EndProject
Project("{FAE04EC0-301F-11D3-BF4B-00C04F79EFBC}") = "Pug.Application.Data.Common", "Pug.Application.Data.Common\Pug.Application.Data.Common.csproj", "{DCD76110-60C8-491E-BA8B-3E2889E0E5E1}"
EndProject
Project("{FAE04EC0-301F-11D3-BF4B-00C04F79EFBC}") = "Pug.Application.Data", "Pug.Application.Data\Pug.Application.Data.csproj", "{61FCB219-4308-4F5F-A9D2-995C0FAC8C32}"
EndProject
Project("{FAE04EC0-301F-11D3-BF4B-00C04F79EFBC}") = "Pug.Application.Data.SqlServer", "Pug.Application.Data.SqlServer\Pug.Application.Data.SqlServer.csproj", "{C44CC14A-E91F-40D8-87D9-DF21396645DD}"
EndProject
Project("{FAE04EC0-301F-11D3-BF4B-00C04F79EFBC}") = "CsvTests", "Tests\CsvTests\CsvTests.csproj", "{2670E1AE-0B09-4D9C-A5DB-2646E49FE834}"
EndProject
Project("{FAE04EC0-301F-11D3-BF4B-00C04F79EFBC}") = "Pug.Application.Data.SqlLite", "Pug.Application.Data.SqlLite\Pug.Application.Data.SqlLite.csproj", "{CC4FF5E1-DC89-441A-83CB-92A8A91503F6}"
EndProject
Project("{FAE04EC0-301F-11D3-BF4B-00C04F79EFBC}") = "SqlLiteTests", "Tests\SqlLiteTests\SqlLiteTests.csproj", "{604703BB-262D-43B3-A637-98FF98E2EE77}"
EndProject
Global
	GlobalSection(TeamFoundationVersionControl) = preSolution
		SccNumberOfProjects = 12
		SccEnterpriseProvider = {4CA58AB2-18FA-4F8D-95D4-32DDF27D184C}
		SccTeamFoundationServer = http://localhost:20619/tfs/pug%20computing%20services
		SccLocalPath0 = .
		SccProjectUniqueName1 = Base32Test\\Base32Test.csproj
		SccProjectTopLevelParentUniqueName1 = PugFX.sln
		SccProjectName1 = Base32Test
		SccLocalPath1 = Base32Test
		SccProjectUniqueName2 = Pug.Core\\Pug.Core.csproj
		SccProjectName2 = Pug.Core
		SccLocalPath2 = Pug.Core
		SccProjectUniqueName3 = Pug.Application\\Pug.Application.csproj
		SccProjectName3 = Pug.Application
		SccLocalPath3 = Pug.Application
		SccProjectUniqueName4 = Pug.Application.Security\\Pug.Application.Security.csproj
		SccProjectName4 = Pug.Application.Security
		SccLocalPath4 = Pug.Application.Security
		SccProjectUniqueName5 = Pug.Application.Data.Common\\Pug.Application.Data.Common.csproj
		SccProjectName5 = Pug.Application.Data.Common
		SccLocalPath5 = Pug.Application.Data.Common
		SccProjectUniqueName6 = Pug.Application.Data\\Pug.Application.Data.csproj
		SccProjectName6 = Pug.Application.Data
		SccLocalPath6 = Pug.Application.Data
		SccProjectUniqueName7 = Pug.Application.Data.SqlServer\\Pug.Application.Data.SqlServer.csproj
		SccProjectName7 = Pug.Application.Data.SqlServer
		SccLocalPath7 = Pug.Application.Data.SqlServer
		SccProjectUniqueName8 = Pug.Application.Data.Csv\\Pug.Application.Data.Csv.csproj
		SccProjectName8 = Pug.Application.Data.Csv
		SccLocalPath8 = Pug.Application.Data.Csv
		SccProjectUniqueName9 = Tests\\CsvTests\\CsvTests.csproj
		SccProjectTopLevelParentUniqueName9 = PugFX.sln
		SccProjectName9 = Tests/CsvTests
		SccLocalPath9 = Tests\\CsvTests
		SccProjectUniqueName10 = Pug.Application.Data.SqlLite\\Pug.Application.Data.SqlLite.csproj
		SccProjectName10 = Pug.Application.Data.SqlLite
		SccLocalPath10 = Pug.Application.Data.SqlLite
		SccProjectUniqueName11 = Tests\\SqlLiteTests\\SqlLiteTests.csproj
		SccProjectTopLevelParentUniqueName11 = PugFX.sln
		SccProjectName11 = Tests/SqlLiteTests
		SccLocalPath11 = Tests\\SqlLiteTests
	EndGlobalSection
	GlobalSection(TestCaseManagementSettings) = postSolution
		CategoryFile = PugFX.vsmdi
	EndGlobalSection
	GlobalSection(SolutionConfigurationPlatforms) = preSolution
		Debug|Any CPU = Debug|Any CPU
		Release|Any CPU = Release|Any CPU
	EndGlobalSection
	GlobalSection(ProjectConfigurationPlatforms) = postSolution
		{B038BB75-0909-4329-B39E-69D88F1BDE8D}.Debug|Any CPU.ActiveCfg = Debug|Any CPU
		{B038BB75-0909-4329-B39E-69D88F1BDE8D}.Debug|Any CPU.Build.0 = Debug|Any CPU
		{B038BB75-0909-4329-B39E-69D88F1BDE8D}.Release|Any CPU.ActiveCfg = Release|Any CPU
		{B038BB75-0909-4329-B39E-69D88F1BDE8D}.Release|Any CPU.Build.0 = Release|Any CPU
		{2B98F237-D76A-40FF-8248-D224E226D81E}.Debug|Any CPU.ActiveCfg = Debug|Any CPU
		{2B98F237-D76A-40FF-8248-D224E226D81E}.Debug|Any CPU.Build.0 = Debug|Any CPU
		{2B98F237-D76A-40FF-8248-D224E226D81E}.Release|Any CPU.ActiveCfg = Release|Any CPU
		{2B98F237-D76A-40FF-8248-D224E226D81E}.Release|Any CPU.Build.0 = Release|Any CPU
		{7B76D89B-BB93-41B4-AF8C-C5292A764B15}.Debug|Any CPU.ActiveCfg = Debug|Any CPU
		{7B76D89B-BB93-41B4-AF8C-C5292A764B15}.Debug|Any CPU.Build.0 = Debug|Any CPU
		{7B76D89B-BB93-41B4-AF8C-C5292A764B15}.Release|Any CPU.ActiveCfg = Release|Any CPU
		{7B76D89B-BB93-41B4-AF8C-C5292A764B15}.Release|Any CPU.Build.0 = Release|Any CPU
		{F284A4BF-B545-4DAA-A837-8DE456870BEC}.Debug|Any CPU.ActiveCfg = Debug|Any CPU
		{F284A4BF-B545-4DAA-A837-8DE456870BEC}.Debug|Any CPU.Build.0 = Debug|Any CPU
		{F284A4BF-B545-4DAA-A837-8DE456870BEC}.Release|Any CPU.ActiveCfg = Release|Any CPU
		{F284A4BF-B545-4DAA-A837-8DE456870BEC}.Release|Any CPU.Build.0 = Release|Any CPU
		{832DF7CD-9630-4CDA-BD7A-D9712AAC9767}.Debug|Any CPU.ActiveCfg = Debug|Any CPU
		{832DF7CD-9630-4CDA-BD7A-D9712AAC9767}.Debug|Any CPU.Build.0 = Debug|Any CPU
		{832DF7CD-9630-4CDA-BD7A-D9712AAC9767}.Release|Any CPU.ActiveCfg = Release|Any CPU
		{832DF7CD-9630-4CDA-BD7A-D9712AAC9767}.Release|Any CPU.Build.0 = Release|Any CPU
		{DCD76110-60C8-491E-BA8B-3E2889E0E5E1}.Debug|Any CPU.ActiveCfg = Debug|Any CPU
		{DCD76110-60C8-491E-BA8B-3E2889E0E5E1}.Debug|Any CPU.Build.0 = Debug|Any CPU
		{DCD76110-60C8-491E-BA8B-3E2889E0E5E1}.Release|Any CPU.ActiveCfg = Release|Any CPU
		{DCD76110-60C8-491E-BA8B-3E2889E0E5E1}.Release|Any CPU.Build.0 = Release|Any CPU
		{61FCB219-4308-4F5F-A9D2-995C0FAC8C32}.Debug|Any CPU.ActiveCfg = Debug|Any CPU
		{61FCB219-4308-4F5F-A9D2-995C0FAC8C32}.Debug|Any CPU.Build.0 = Debug|Any CPU
		{61FCB219-4308-4F5F-A9D2-995C0FAC8C32}.Release|Any CPU.ActiveCfg = Release|Any CPU
		{61FCB219-4308-4F5F-A9D2-995C0FAC8C32}.Release|Any CPU.Build.0 = Release|Any CPU
		{C44CC14A-E91F-40D8-87D9-DF21396645DD}.Debug|Any CPU.ActiveCfg = Debug|Any CPU
		{C44CC14A-E91F-40D8-87D9-DF21396645DD}.Debug|Any CPU.Build.0 = Debug|Any CPU
		{C44CC14A-E91F-40D8-87D9-DF21396645DD}.Release|Any CPU.ActiveCfg = Release|Any CPU
		{C44CC14A-E91F-40D8-87D9-DF21396645DD}.Release|Any CPU.Build.0 = Release|Any CPU
		{2670E1AE-0B09-4D9C-A5DB-2646E49FE834}.Debug|Any CPU.ActiveCfg = Debug|Any CPU
		{2670E1AE-0B09-4D9C-A5DB-2646E49FE834}.Debug|Any CPU.Build.0 = Debug|Any CPU
		{2670E1AE-0B09-4D9C-A5DB-2646E49FE834}.Release|Any CPU.ActiveCfg = Release|Any CPU
		{2670E1AE-0B09-4D9C-A5DB-2646E49FE834}.Release|Any CPU.Build.0 = Release|Any CPU
		{CC4FF5E1-DC89-441A-83CB-92A8A91503F6}.Debug|Any CPU.ActiveCfg = Debug|Any CPU
		{CC4FF5E1-DC89-441A-83CB-92A8A91503F6}.Debug|Any CPU.Build.0 = Debug|Any CPU
		{CC4FF5E1-DC89-441A-83CB-92A8A91503F6}.Release|Any CPU.ActiveCfg = Release|Any CPU
		{CC4FF5E1-DC89-441A-83CB-92A8A91503F6}.Release|Any CPU.Build.0 = Release|Any CPU
		{604703BB-262D-43B3-A637-98FF98E2EE77}.Debug|Any CPU.ActiveCfg = Debug|Any CPU
		{604703BB-262D-43B3-A637-98FF98E2EE77}.Debug|Any CPU.Build.0 = Debug|Any CPU
		{604703BB-262D-43B3-A637-98FF98E2EE77}.Release|Any CPU.ActiveCfg = Release|Any CPU
		{604703BB-262D-43B3-A637-98FF98E2EE77}.Release|Any CPU.Build.0 = Release|Any CPU
	EndGlobalSection
	GlobalSection(SolutionProperties) = preSolution
		HideSolutionNode = FALSE
	EndGlobalSection
	GlobalSection(NestedProjects) = preSolution
		{7B76D89B-BB93-41B4-AF8C-C5292A764B15} = {3F96EF91-50BF-4BF7-B14C-9C3073B55D81}
		{2670E1AE-0B09-4D9C-A5DB-2646E49FE834} = {3F96EF91-50BF-4BF7-B14C-9C3073B55D81}
		{604703BB-262D-43B3-A637-98FF98E2EE77} = {3F96EF91-50BF-4BF7-B14C-9C3073B55D81}
	EndGlobalSection
EndGlobal
